// !$*UTF8*$!
{
	archiveVersion = 1;
	classes = {
	};
	objectVersion = 46;
	objects = {

/* Begin PBXBuildFile section */
		B418E8091C527D4D007025DB /* main.m in Sources */ = {isa = PBXBuildFile; fileRef = B418E8081C527D4D007025DB /* main.m */; };
		B418E80C1C527D4D007025DB /* AppDelegate.m in Sources */ = {isa = PBXBuildFile; fileRef = B418E80B1C527D4D007025DB /* AppDelegate.m */; };
		B418E80F1C527D4D007025DB /* ViewController.m in Sources */ = {isa = PBXBuildFile; fileRef = B418E80E1C527D4D007025DB /* ViewController.m */; };
		B418E8121C527D4D007025DB /* Main.storyboard in Resources */ = {isa = PBXBuildFile; fileRef = B418E8101C527D4D007025DB /* Main.storyboard */; };
		B418E8141C527D4D007025DB /* Assets.xcassets in Resources */ = {isa = PBXBuildFile; fileRef = B418E8131C527D4D007025DB /* Assets.xcassets */; };
		B418E8171C527D4D007025DB /* LaunchScreen.storyboard in Resources */ = {isa = PBXBuildFile; fileRef = B418E8151C527D4D007025DB /* LaunchScreen.storyboard */; };
		B418E81F1C527DDA007025DB /* zhengjiu.mp3 in Resources */ = {isa = PBXBuildFile; fileRef = B418E81E1C527DDA007025DB /* zhengjiu.mp3 */; };
		B418E8241C531782007025DB /* xiangmengyiyangziyou.mp3 in Resources */ = {isa = PBXBuildFile; fileRef = B418E8231C531781007025DB /* xiangmengyiyangziyou.mp3 */; };
		B418E82D1C54ABF6007025DB /* Foundation.framework in Frameworks */ = {isa = PBXBuildFile; fileRef = B418E82C1C54ABF6007025DB /* Foundation.framework */; };
		B418E82F1C54ABFB007025DB /* AudioToolbox.framework in Frameworks */ = {isa = PBXBuildFile; fileRef = B418E82E1C54ABFB007025DB /* AudioToolbox.framework */; };
		B418E8311C54AC00007025DB /* AVFoundation.framework in Frameworks */ = {isa = PBXBuildFile; fileRef = B418E8301C54AC00007025DB /* AVFoundation.framework */; };
		B418E8331C54AC16007025DB /* UIKit.framework in Frameworks */ = {isa = PBXBuildFile; fileRef = B418E8321C54AC16007025DB /* UIKit.framework */; };
		B4588B6D1C57B2CE00F7B423 /* NSTimer+Util.m in Sources */ = {isa = PBXBuildFile; fileRef = B4588B5A1C57B2CE00F7B423 /* NSTimer+Util.m */; };
		B4588B6E1C57B2CE00F7B423 /* QLAudioListCell.m in Sources */ = {isa = PBXBuildFile; fileRef = B4588B5E1C57B2CE00F7B423 /* QLAudioListCell.m */; };
		B4588B6F1C57B2CE00F7B423 /* QLAudioListDataController.m in Sources */ = {isa = PBXBuildFile; fileRef = B4588B601C57B2CE00F7B423 /* QLAudioListDataController.m */; };
		B4588B701C57B2CE00F7B423 /* QLAudioListModel.m in Sources */ = {isa = PBXBuildFile; fileRef = B4588B621C57B2CE00F7B423 /* QLAudioListModel.m */; };
		B4588B711C57B2CE00F7B423 /* QLAudioListViewController.m in Sources */ = {isa = PBXBuildFile; fileRef = B4588B641C57B2CE00F7B423 /* QLAudioListViewController.m */; };
		B4588B721C57B2CE00F7B423 /* QLAudioFile.m in Sources */ = {isa = PBXBuildFile; fileRef = B4588B6A1C57B2CE00F7B423 /* QLAudioFile.m */; };
		B4588B761C57B2E800F7B423 /* CommFunctions.m in Sources */ = {isa = PBXBuildFile; fileRef = B4588B751C57B2E800F7B423 /* CommFunctions.m */; };
		B4588B7A1C57BF9B00F7B423 /* QLAududioPlayer.m in Sources */ = {isa = PBXBuildFile; fileRef = B4588B791C57BF9B00F7B423 /* QLAududioPlayer.m */; };
		B4588B801C57C45A00F7B423 /* QLPrivateAudioPlayer.cpp in Sources */ = {isa = PBXBuildFile; fileRef = B4588B7E1C57C45A00F7B423 /* QLPrivateAudioPlayer.cpp */; };
/* End PBXBuildFile section */

/* Begin PBXFileReference section */
		B418E8041C527D4D007025DB /* AudioFileStudy.app */ = {isa = PBXFileReference; explicitFileType = wrapper.application; includeInIndex = 0; path = AudioFileStudy.app; sourceTree = BUILT_PRODUCTS_DIR; };
		B418E8081C527D4D007025DB /* main.m */ = {isa = PBXFileReference; lastKnownFileType = sourcecode.c.objc; path = main.m; sourceTree = "<group>"; };
		B418E80A1C527D4D007025DB /* AppDelegate.h */ = {isa = PBXFileReference; lastKnownFileType = sourcecode.c.h; path = AppDelegate.h; sourceTree = "<group>"; };
		B418E80B1C527D4D007025DB /* AppDelegate.m */ = {isa = PBXFileReference; lastKnownFileType = sourcecode.c.objc; path = AppDelegate.m; sourceTree = "<group>"; };
		B418E80D1C527D4D007025DB /* ViewController.h */ = {isa = PBXFileReference; lastKnownFileType = sourcecode.c.h; path = ViewController.h; sourceTree = "<group>"; };
		B418E80E1C527D4D007025DB /* ViewController.m */ = {isa = PBXFileReference; lastKnownFileType = sourcecode.c.objc; path = ViewController.m; sourceTree = "<group>"; };
		B418E8111C527D4D007025DB /* Base */ = {isa = PBXFileReference; lastKnownFileType = file.storyboard; name = Base; path = Base.lproj/Main.storyboard; sourceTree = "<group>"; };
		B418E8131C527D4D007025DB /* Assets.xcassets */ = {isa = PBXFileReference; lastKnownFileType = folder.assetcatalog; path = Assets.xcassets; sourceTree = "<group>"; };
		B418E8161C527D4D007025DB /* Base */ = {isa = PBXFileReference; lastKnownFileType = file.storyboard; name = Base; path = Base.lproj/LaunchScreen.storyboard; sourceTree = "<group>"; };
		B418E8181C527D4D007025DB /* Info.plist */ = {isa = PBXFileReference; lastKnownFileType = text.plist.xml; path = Info.plist; sourceTree = "<group>"; };
		B418E81E1C527DDA007025DB /* zhengjiu.mp3 */ = {isa = PBXFileReference; lastKnownFileType = audio.mp3; path = zhengjiu.mp3; sourceTree = "<group>"; };
		B418E8231C531781007025DB /* xiangmengyiyangziyou.mp3 */ = {isa = PBXFileReference; lastKnownFileType = audio.mp3; path = xiangmengyiyangziyou.mp3; sourceTree = "<group>"; };
		B418E82C1C54ABF6007025DB /* Foundation.framework */ = {isa = PBXFileReference; lastKnownFileType = wrapper.framework; name = Foundation.framework; path = System/Library/Frameworks/Foundation.framework; sourceTree = SDKROOT; };
		B418E82E1C54ABFB007025DB /* AudioToolbox.framework */ = {isa = PBXFileReference; lastKnownFileType = wrapper.framework; name = AudioToolbox.framework; path = System/Library/Frameworks/AudioToolbox.framework; sourceTree = SDKROOT; };
		B418E8301C54AC00007025DB /* AVFoundation.framework */ = {isa = PBXFileReference; lastKnownFileType = wrapper.framework; name = AVFoundation.framework; path = System/Library/Frameworks/AVFoundation.framework; sourceTree = SDKROOT; };
		B418E8321C54AC16007025DB /* UIKit.framework */ = {isa = PBXFileReference; lastKnownFileType = wrapper.framework; name = UIKit.framework; path = System/Library/Frameworks/UIKit.framework; sourceTree = SDKROOT; };
		B4588B591C57B2CE00F7B423 /* NSTimer+Util.h */ = {isa = PBXFileReference; fileEncoding = 4; lastKnownFileType = sourcecode.c.h; path = "NSTimer+Util.h"; sourceTree = "<group>"; };
		B4588B5A1C57B2CE00F7B423 /* NSTimer+Util.m */ = {isa = PBXFileReference; fileEncoding = 4; lastKnownFileType = sourcecode.c.objc; path = "NSTimer+Util.m"; sourceTree = "<group>"; };
		B4588B5D1C57B2CE00F7B423 /* QLAudioListCell.h */ = {isa = PBXFileReference; fileEncoding = 4; lastKnownFileType = sourcecode.c.h; path = QLAudioListCell.h; sourceTree = "<group>"; };
		B4588B5E1C57B2CE00F7B423 /* QLAudioListCell.m */ = {isa = PBXFileReference; fileEncoding = 4; lastKnownFileType = sourcecode.c.objc; path = QLAudioListCell.m; sourceTree = "<group>"; };
		B4588B5F1C57B2CE00F7B423 /* QLAudioListDataController.h */ = {isa = PBXFileReference; fileEncoding = 4; lastKnownFileType = sourcecode.c.h; path = QLAudioListDataController.h; sourceTree = "<group>"; };
		B4588B601C57B2CE00F7B423 /* QLAudioListDataController.m */ = {isa = PBXFileReference; fileEncoding = 4; lastKnownFileType = sourcecode.c.objc; path = QLAudioListDataController.m; sourceTree = "<group>"; };
		B4588B611C57B2CE00F7B423 /* QLAudioListModel.h */ = {isa = PBXFileReference; fileEncoding = 4; lastKnownFileType = sourcecode.c.h; path = QLAudioListModel.h; sourceTree = "<group>"; };
		B4588B621C57B2CE00F7B423 /* QLAudioListModel.m */ = {isa = PBXFileReference; fileEncoding = 4; lastKnownFileType = sourcecode.c.objc; path = QLAudioListModel.m; sourceTree = "<group>"; };
		B4588B631C57B2CE00F7B423 /* QLAudioListViewController.h */ = {isa = PBXFileReference; fileEncoding = 4; lastKnownFileType = sourcecode.c.h; path = QLAudioListViewController.h; sourceTree = "<group>"; };
		B4588B641C57B2CE00F7B423 /* QLAudioListViewController.m */ = {isa = PBXFileReference; fileEncoding = 4; lastKnownFileType = sourcecode.c.objc; path = QLAudioListViewController.m; sourceTree = "<group>"; };
		B4588B651C57B2CE00F7B423 /* QLLoadListDataInterface.h */ = {isa = PBXFileReference; fileEncoding = 4; lastKnownFileType = sourcecode.c.h; path = QLLoadListDataInterface.h; sourceTree = "<group>"; };
		B4588B681C57B2CE00F7B423 /* QLAudioDebugMacros.h */ = {isa = PBXFileReference; fileEncoding = 4; lastKnownFileType = sourcecode.c.h; path = QLAudioDebugMacros.h; sourceTree = "<group>"; };
		B4588B691C57B2CE00F7B423 /* QLAudioFile.h */ = {isa = PBXFileReference; fileEncoding = 4; lastKnownFileType = sourcecode.c.h; path = QLAudioFile.h; sourceTree = "<group>"; };
		B4588B6A1C57B2CE00F7B423 /* QLAudioFile.m */ = {isa = PBXFileReference; fileEncoding = 4; lastKnownFileType = sourcecode.c.objc; path = QLAudioFile.m; sourceTree = "<group>"; };
		B4588B741C57B2E800F7B423 /* CommFunctions.h */ = {isa = PBXFileReference; fileEncoding = 4; lastKnownFileType = sourcecode.c.h; path = CommFunctions.h; sourceTree = "<group>"; };
		B4588B751C57B2E800F7B423 /* CommFunctions.m */ = {isa = PBXFileReference; fileEncoding = 4; lastKnownFileType = sourcecode.c.objc; path = CommFunctions.m; sourceTree = "<group>"; };
		B4588B781C57BF9B00F7B423 /* QLAududioPlayer.h */ = {isa = PBXFileReference; fileEncoding = 4; lastKnownFileType = sourcecode.c.h; path = QLAududioPlayer.h; sourceTree = "<group>"; };
		B4588B791C57BF9B00F7B423 /* QLAududioPlayer.m */ = {isa = PBXFileReference; fileEncoding = 4; lastKnownFileType = sourcecode.c.objc; path = QLAududioPlayer.m; sourceTree = "<group>"; };
		B4588B7E1C57C45A00F7B423 /* QLPrivateAudioPlayer.cpp */ = {isa = PBXFileReference; fileEncoding = 4; lastKnownFileType = sourcecode.cpp.cpp; path = QLPrivateAudioPlayer.cpp; sourceTree = "<group>"; };
		B4588B7F1C57C45A00F7B423 /* QLPrivateAudioPlayer.hpp */ = {isa = PBXFileReference; fileEncoding = 4; lastKnownFileType = sourcecode.cpp.h; path = QLPrivateAudioPlayer.hpp; sourceTree = "<group>"; };
/* End PBXFileReference section */

/* Begin PBXFrameworksBuildPhase section */
		B418E8011C527D4D007025DB /* Frameworks */ = {
			isa = PBXFrameworksBuildPhase;
			buildActionMask = 2147483647;
			files = (
				B418E8331C54AC16007025DB /* UIKit.framework in Frameworks */,
				B418E8311C54AC00007025DB /* AVFoundation.framework in Frameworks */,
				B418E82F1C54ABFB007025DB /* AudioToolbox.framework in Frameworks */,
				B418E82D1C54ABF6007025DB /* Foundation.framework in Frameworks */,
			);
			runOnlyForDeploymentPostprocessing = 0;
		};
/* End PBXFrameworksBuildPhase section */

/* Begin PBXGroup section */
		B418E7FB1C527D4D007025DB = {
			isa = PBXGroup;
			children = (
				B418E8061C527D4D007025DB /* AudioFileStudy */,
				B418E8051C527D4D007025DB /* Products */,
			);
			sourceTree = "<group>";
		};
		B418E8051C527D4D007025DB /* Products */ = {
			isa = PBXGroup;
			children = (
				B418E8041C527D4D007025DB /* AudioFileStudy.app */,
			);
			name = Products;
			sourceTree = "<group>";
		};
		B418E8061C527D4D007025DB /* AudioFileStudy */ = {
			isa = PBXGroup;
			children = (
				B4588B581C57B2CE00F7B423 /* libs */,
				B4588B5B1C57B2CE00F7B423 /* Mudles */,
				B4588B671C57B2CE00F7B423 /* QLPlayer */,
				B418E80A1C527D4D007025DB /* AppDelegate.h */,
				B418E80B1C527D4D007025DB /* AppDelegate.m */,
				B418E80D1C527D4D007025DB /* ViewController.h */,
				B418E80E1C527D4D007025DB /* ViewController.m */,
				B418E8101C527D4D007025DB /* Main.storyboard */,
				B418E81E1C527DDA007025DB /* zhengjiu.mp3 */,
				B418E8231C531781007025DB /* xiangmengyiyangziyou.mp3 */,
				B418E8131C527D4D007025DB /* Assets.xcassets */,
				B418E8151C527D4D007025DB /* LaunchScreen.storyboard */,
				B418E8181C527D4D007025DB /* Info.plist */,
				B418E8071C527D4D007025DB /* Supporting Files */,
			);
			path = AudioFileStudy;
			sourceTree = "<group>";
		};
		B418E8071C527D4D007025DB /* Supporting Files */ = {
			isa = PBXGroup;
			children = (
				B418E8341C54AC23007025DB /* frameworks */,
				B418E8081C527D4D007025DB /* main.m */,
			);
			name = "Supporting Files";
			sourceTree = "<group>";
		};
		B418E8341C54AC23007025DB /* frameworks */ = {
			isa = PBXGroup;
			children = (
				B418E8321C54AC16007025DB /* UIKit.framework */,
				B418E8301C54AC00007025DB /* AVFoundation.framework */,
				B418E82E1C54ABFB007025DB /* AudioToolbox.framework */,
				B418E82C1C54ABF6007025DB /* Foundation.framework */,
			);
			name = frameworks;
			path = ..;
			sourceTree = "<group>";
		};
		B4588B581C57B2CE00F7B423 /* libs */ = {
			isa = PBXGroup;
			children = (
				B4588B591C57B2CE00F7B423 /* NSTimer+Util.h */,
				B4588B5A1C57B2CE00F7B423 /* NSTimer+Util.m */,
				B4588B741C57B2E800F7B423 /* CommFunctions.h */,
				B4588B751C57B2E800F7B423 /* CommFunctions.m */,
			);
			path = libs;
			sourceTree = "<group>";
		};
		B4588B5B1C57B2CE00F7B423 /* Mudles */ = {
			isa = PBXGroup;
			children = (
				B4588B771C57BCF800F7B423 /* AudioPlayer */,
				B4588B5C1C57B2CE00F7B423 /* AudioList */,
			);
			path = Mudles;
			sourceTree = "<group>";
		};
		B4588B5C1C57B2CE00F7B423 /* AudioList */ = {
			isa = PBXGroup;
			children = (
				B4588B5D1C57B2CE00F7B423 /* QLAudioListCell.h */,
				B4588B5E1C57B2CE00F7B423 /* QLAudioListCell.m */,
				B4588B5F1C57B2CE00F7B423 /* QLAudioListDataController.h */,
				B4588B601C57B2CE00F7B423 /* QLAudioListDataController.m */,
				B4588B611C57B2CE00F7B423 /* QLAudioListModel.h */,
				B4588B621C57B2CE00F7B423 /* QLAudioListModel.m */,
				B4588B631C57B2CE00F7B423 /* QLAudioListViewController.h */,
				B4588B641C57B2CE00F7B423 /* QLAudioListViewController.m */,
				B4588B651C57B2CE00F7B423 /* QLLoadListDataInterface.h */,
			);
			path = AudioList;
			sourceTree = "<group>";
		};
		B4588B671C57B2CE00F7B423 /* QLPlayer */ = {
			isa = PBXGroup;
			children = (
				B4588B7E1C57C45A00F7B423 /* QLPrivateAudioPlayer.cpp */,
				B4588B7F1C57C45A00F7B423 /* QLPrivateAudioPlayer.hpp */,
				B4588B681C57B2CE00F7B423 /* QLAudioDebugMacros.h */,
				B4588B691C57B2CE00F7B423 /* QLAudioFile.h */,
				B4588B6A1C57B2CE00F7B423 /* QLAudioFile.m */,
			);
			path = QLPlayer;
			sourceTree = "<group>";
		};
		B4588B771C57BCF800F7B423 /* AudioPlayer */ = {
			isa = PBXGroup;
			children = (
				B4588B781C57BF9B00F7B423 /* QLAududioPlayer.h */,
				B4588B791C57BF9B00F7B423 /* QLAududioPlayer.m */,
			);
			path = AudioPlayer;
			sourceTree = "<group>";
		};
/* End PBXGroup section */

/* Begin PBXNativeTarget section */
		B418E8031C527D4D007025DB /* AudioFileStudy */ = {
			isa = PBXNativeTarget;
			buildConfigurationList = B418E81B1C527D4D007025DB /* Build configuration list for PBXNativeTarget "AudioFileStudy" */;
			buildPhases = (
				B418E8001C527D4D007025DB /* Sources */,
				B418E8011C527D4D007025DB /* Frameworks */,
				B418E8021C527D4D007025DB /* Resources */,
			);
			buildRules = (
			);
			dependencies = (
			);
			name = AudioFileStudy;
			productName = AudioFileStudy;
			productReference = B418E8041C527D4D007025DB /* AudioFileStudy.app */;
			productType = "com.apple.product-type.application";
		};
/* End PBXNativeTarget section */

/* Begin PBXProject section */
		B418E7FC1C527D4D007025DB /* Project object */ = {
			isa = PBXProject;
			attributes = {
				LastUpgradeCheck = 0720;
				ORGANIZATIONNAME = Debugly;
				TargetAttributes = {
					B418E8031C527D4D007025DB = {
						CreatedOnToolsVersion = 7.2;
						DevelopmentTeam = KCE7BVJLX3;
						SystemCapabilities = {
							com.apple.BackgroundModes = {
								enabled = 1;
							};
						};
					};
				};
			};
			buildConfigurationList = B418E7FF1C527D4D007025DB /* Build configuration list for PBXProject "AudioFileStudy" */;
			compatibilityVersion = "Xcode 3.2";
			developmentRegion = English;
			hasScannedForEncodings = 0;
			knownRegions = (
				en,
				Base,
			);
			mainGroup = B418E7FB1C527D4D007025DB;
			productRefGroup = B418E8051C527D4D007025DB /* Products */;
			projectDirPath = "";
			projectRoot = "";
			targets = (
				B418E8031C527D4D007025DB /* AudioFileStudy */,
			);
		};
/* End PBXProject section */

/* Begin PBXResourcesBuildPhase section */
		B418E8021C527D4D007025DB /* Resources */ = {
			isa = PBXResourcesBuildPhase;
			buildActionMask = 2147483647;
			files = (
				B418E81F1C527DDA007025DB /* zhengjiu.mp3 in Resources */,
				B418E8171C527D4D007025DB /* LaunchScreen.storyboard in Resources */,
				B418E8141C527D4D007025DB /* Assets.xcassets in Resources */,
				B418E8121C527D4D007025DB /* Main.storyboard in Resources */,
				B418E8241C531782007025DB /* xiangmengyiyangziyou.mp3 in Resources */,
			);
			runOnlyForDeploymentPostprocessing = 0;
		};
/* End PBXResourcesBuildPhase section */

/* Begin PBXSourcesBuildPhase section */
		B418E8001C527D4D007025DB /* Sources */ = {
			isa = PBXSourcesBuildPhase;
			buildActionMask = 2147483647;
			files = (
				B4588B711C57B2CE00F7B423 /* QLAudioListViewController.m in Sources */,
				B4588B7A1C57BF9B00F7B423 /* QLAududioPlayer.m in Sources */,
				B4588B6D1C57B2CE00F7B423 /* NSTimer+Util.m in Sources */,
				B4588B761C57B2E800F7B423 /* CommFunctions.m in Sources */,
				B4588B801C57C45A00F7B423 /* QLPrivateAudioPlayer.cpp in Sources */,
				B4588B6F1C57B2CE00F7B423 /* QLAudioListDataController.m in Sources */,
				B4588B721C57B2CE00F7B423 /* QLAudioFile.m in Sources */,
				B418E80F1C527D4D007025DB /* ViewController.m in Sources */,
				B4588B6E1C57B2CE00F7B423 /* QLAudioListCell.m in Sources */,
				B4588B701C57B2CE00F7B423 /* QLAudioListModel.m in Sources */,
				B418E80C1C527D4D007025DB /* AppDelegate.m in Sources */,
				B418E8091C527D4D007025DB /* main.m in Sources */,
			);
			runOnlyForDeploymentPostprocessing = 0;
		};
/* End PBXSourcesBuildPhase section */

/* Begin PBXVariantGroup section */
		B418E8101C527D4D007025DB /* Main.storyboard */ = {
			isa = PBXVariantGroup;
			children = (
				B418E8111C527D4D007025DB /* Base */,
			);
			name = Main.storyboard;
			sourceTree = "<group>";
		};
		B418E8151C527D4D007025DB /* LaunchScreen.storyboard */ = {
			isa = PBXVariantGroup;
			children = (
				B418E8161C527D4D007025DB /* Base */,
			);
			name = LaunchScreen.storyboard;
			sourceTree = "<group>";
		};
/* End PBXVariantGroup section */

/* Begin XCBuildConfiguration section */
		B418E8191C527D4D007025DB /* Debug */ = {
			isa = XCBuildConfiguration;
			buildSettings = {
				ALWAYS_SEARCH_USER_PATHS = NO;
				CLANG_CXX_LANGUAGE_STANDARD = "gnu++0x";
				CLANG_CXX_LIBRARY = "libc++";
				CLANG_ENABLE_MODULES = YES;
				CLANG_ENABLE_OBJC_ARC = YES;
				CLANG_WARN_BOOL_CONVERSION = YES;
				CLANG_WARN_CONSTANT_CONVERSION = YES;
				CLANG_WARN_DIRECT_OBJC_ISA_USAGE = YES_ERROR;
				CLANG_WARN_EMPTY_BODY = YES;
				CLANG_WARN_ENUM_CONVERSION = YES;
				CLANG_WARN_INT_CONVERSION = YES;
				CLANG_WARN_OBJC_ROOT_CLASS = YES_ERROR;
				CLANG_WARN_UNREACHABLE_CODE = YES;
				CLANG_WARN__DUPLICATE_METHOD_MATCH = YES;
				"CODE_SIGN_IDENTITY[sdk=iphoneos*]" = "iPhone Developer";
				COPY_PHASE_STRIP = NO;
				DEBUG_INFORMATION_FORMAT = dwarf;
				ENABLE_STRICT_OBJC_MSGSEND = YES;
				ENABLE_TESTABILITY = YES;
				GCC_C_LANGUAGE_STANDARD = gnu99;
				GCC_DYNAMIC_NO_PIC = NO;
				GCC_NO_COMMON_BLOCKS = YES;
				GCC_OPTIMIZATION_LEVEL = 0;
				GCC_PREPROCESSOR_DEFINITIONS = (
					"DEBUG=1",
					"$(inherited)",
				);
				GCC_WARN_64_TO_32_BIT_CONVERSION = YES;
				GCC_WARN_ABOUT_RETURN_TYPE = YES_ERROR;
				GCC_WARN_UNDECLARED_SELECTOR = YES;
				GCC_WARN_UNINITIALIZED_AUTOS = YES_AGGRESSIVE;
				GCC_WARN_UNUSED_FUNCTION = YES;
				GCC_WARN_UNUSED_VARIABLE = YES;
				IPHONEOS_DEPLOYMENT_TARGET = 9.2;
				MTL_ENABLE_DEBUG_INFO = YES;
				ONLY_ACTIVE_ARCH = YES;
				SDKROOT = iphoneos;
				TARGETED_DEVICE_FAMILY = "1,2";
			};
			name = Debug;
		};
		B418E81A1C527D4D007025DB /* Release */ = {
			isa = XCBuildConfiguration;
			buildSettings = {
				ALWAYS_SEARCH_USER_PATHS = NO;
				CLANG_CXX_LANGUAGE_STANDARD = "gnu++0x";
				CLANG_CXX_LIBRARY = "libc++";
				CLANG_ENABLE_MODULES = YES;
				CLANG_ENABLE_OBJC_ARC = YES;
				CLANG_WARN_BOOL_CONVERSION = YES;
				CLANG_WARN_CONSTANT_CONVERSION = YES;
				CLANG_WARN_DIRECT_OBJC_ISA_USAGE = YES_ERROR;
				CLANG_WARN_EMPTY_BODY = YES;
				CLANG_WARN_ENUM_CONVERSION = YES;
				CLANG_WARN_INT_CONVERSION = YES;
				CLANG_WARN_OBJC_ROOT_CLASS = YES_ERROR;
				CLANG_WARN_UNREACHABLE_CODE = YES;
				CLANG_WARN__DUPLICATE_METHOD_MATCH = YES;
				"CODE_SIGN_IDENTITY[sdk=iphoneos*]" = "iPhone Developer";
				COPY_PHASE_STRIP = NO;
				DEBUG_INFORMATION_FORMAT = "dwarf-with-dsym";
				ENABLE_NS_ASSERTIONS = NO;
				ENABLE_STRICT_OBJC_MSGSEND = YES;
				GCC_C_LANGUAGE_STANDARD = gnu99;
				GCC_NO_COMMON_BLOCKS = YES;
				GCC_WARN_64_TO_32_BIT_CONVERSION = YES;
				GCC_WARN_ABOUT_RETURN_TYPE = YES_ERROR;
				GCC_WARN_UNDECLARED_SELECTOR = YES;
				GCC_WARN_UNINITIALIZED_AUTOS = YES_AGGRESSIVE;
				GCC_WARN_UNUSED_FUNCTION = YES;
				GCC_WARN_UNUSED_VARIABLE = YES;
				IPHONEOS_DEPLOYMENT_TARGET = 9.2;
				MTL_ENABLE_DEBUG_INFO = NO;
				SDKROOT = iphoneos;
				TARGETED_DEVICE_FAMILY = "1,2";
				VALIDATE_PRODUCT = YES;
			};
			name = Release;
		};
		B418E81C1C527D4D007025DB /* Debug */ = {
			isa = XCBuildConfiguration;
			buildSettings = {
				ASSETCATALOG_COMPILER_APPICON_NAME = AppIcon;
				CODE_SIGN_IDENTITY = "iPhone Developer";
				GCC_INPUT_FILETYPE = sourcecode.cpp.objcpp;
				INFOPLIST_FILE = AudioFileStudy/Info.plist;
				IPHONEOS_DEPLOYMENT_TARGET = 7.0;
				LD_RUNPATH_SEARCH_PATHS = "$(inherited) @executable_path/Frameworks";
				PRODUCT_BUNDLE_IDENTIFIER = com.xuqianlong.AudioFileStudy;
				PRODUCT_NAME = "$(TARGET_NAME)";
			};
			name = Debug;
		};
		B418E81D1C527D4D007025DB /* Release */ = {
			isa = XCBuildConfiguration;
			buildSettings = {
				ASSETCATALOG_COMPILER_APPICON_NAME = AppIcon;
				CODE_SIGN_IDENTITY = "iPhone Developer";
				GCC_INPUT_FILETYPE = sourcecode.cpp.objcpp;
				INFOPLIST_FILE = AudioFileStudy/Info.plist;
				IPHONEOS_DEPLOYMENT_TARGET = 7.0;
				LD_RUNPATH_SEARCH_PATHS = "$(inherited) @executable_path/Frameworks";
				PRODUCT_BUNDLE_IDENTIFIER = com.xuqianlong.AudioFileStudy;
				PRODUCT_NAME = "$(TARGET_NAME)";
			};
			name = Release;
		};
/* End XCBuildConfiguration section */

/* Begin XCConfigurationList section */
		B418E7FF1C527D4D007025DB /* Build configuration list for PBXProject "AudioFileStudy" */ = {
			isa = XCConfigurationList;
			buildConfigurations = (
				B418E8191C527D4D007025DB /* Debug */,
				B418E81A1C527D4D007025DB /* Release */,
			);
			defaultConfigurationIsVisible = 0;
			defaultConfigurationName = Release;
		};
		B418E81B1C527D4D007025DB /* Build configuration list for PBXNativeTarget "AudioFileStudy" */ = {
			isa = XCConfigurationList;
			buildConfigurations = (
				B418E81C1C527D4D007025DB /* Debug */,
				B418E81D1C527D4D007025DB /* Release */,
			);
			defaultConfigurationIsVisible = 0;
			defaultConfigurationName = Release;
		};
/* End XCConfigurationList section */
	};
	rootObject = B418E7FC1C527D4D007025DB /* Project object */;
}
